lockfileVersion: 5.4

specifiers:
    prettier: ^2.8.8
    twitch-emotes: file:..

dependencies:
    twitch-emotes: file:..

devDependencies:
    prettier: 2.8.8

packages:
    /prettier/2.8.8:
        resolution:
            {
                integrity: sha512-tdN8qQGvNjw4CHbY+XXk0JgCXn9QiF21a55rBe5LJAU+kDyC4WQn4+awm2Xfk2lQMk5fKup9XgzTZtGkjBdP9Q==,
            }
        engines: { node: '>=10.13.0' }
        hasBin: true
        dev: true

    file:..:
        resolution: { directory: .., type: directory }
        name: twitch-emote
        version: 1.1.3
        dev: false
